// !$*UTF8*$!
{
	archiveVersion = 1;
	classes = {
	};
	objectVersion = 46;
	objects = {

/* Begin PBXBuildFile section */
		260F0C5F1E56CD8A00B02D4C /* AppDelegate.swift in Sources */ = {isa = PBXBuildFile; fileRef = 260F0C5E1E56CD8A00B02D4C /* AppDelegate.swift */; };
		260F0C611E56CD8A00B02D4C /* ViewController.swift in Sources */ = {isa = PBXBuildFile; fileRef = 260F0C601E56CD8A00B02D4C /* ViewController.swift */; };
		260F0C641E56CD8A00B02D4C /* Main.storyboard in Resources */ = {isa = PBXBuildFile; fileRef = 260F0C621E56CD8A00B02D4C /* Main.storyboard */; };
		260F0C661E56CD8A00B02D4C /* Assets.xcassets in Resources */ = {isa = PBXBuildFile; fileRef = 260F0C651E56CD8A00B02D4C /* Assets.xcassets */; };
		260F0C691E56CD8A00B02D4C /* LaunchScreen.storyboard in Resources */ = {isa = PBXBuildFile; fileRef = 260F0C671E56CD8A00B02D4C /* LaunchScreen.storyboard */; };
/* End PBXBuildFile section */

/* Begin PBXFileReference section */
		260F0C5B1E56CD8A00B02D4C /* PTApp.app */ = {isa = PBXFileReference; explicitFileType = wrapper.application; includeInIndex = 0; path = PTApp.app; sourceTree = BUILT_PRODUCTS_DIR; };
		260F0C5E1E56CD8A00B02D4C /* AppDelegate.swift */ = {isa = PBXFileReference; lastKnownFileType = sourcecode.swift; path = AppDelegate.swift; sourceTree = "<group>"; };
		260F0C601E56CD8A00B02D4C /* ViewController.swift */ = {isa = PBXFileReference; lastKnownFileType = sourcecode.swift; path = ViewController.swift; sourceTree = "<group>"; };
		260F0C631E56CD8A00B02D4C /* Base */ = {isa = PBXFileReference; lastKnownFileType = file.storyboard; name = Base; path = Base.lproj/Main.storyboard; sourceTree = "<group>"; };
		260F0C651E56CD8A00B02D4C /* Assets.xcassets */ = {isa = PBXFileReference; lastKnownFileType = folder.assetcatalog; path = Assets.xcassets; sourceTree = "<group>"; };
		260F0C681E56CD8A00B02D4C /* Base */ = {isa = PBXFileReference; lastKnownFileType = file.storyboard; name = Base; path = Base.lproj/LaunchScreen.storyboard; sourceTree = "<group>"; };
		260F0C6A1E56CD8A00B02D4C /* Info.plist */ = {isa = PBXFileReference; lastKnownFileType = text.plist.xml; path = Info.plist; sourceTree = "<group>"; };
/* End PBXFileReference section */

/* Begin PBXFrameworksBuildPhase section */
		260F0C581E56CD8A00B02D4C /* Frameworks */ = {
			isa = PBXFrameworksBuildPhase;
			buildActionMask = 2147483647;
			files = (
			);
			runOnlyForDeploymentPostprocessing = 0;
		};
/* End PBXFrameworksBuildPhase section */

/* Begin PBXGroup section */
		260F0C521E56CD8A00B02D4C = {
			isa = PBXGroup;
			children = (
				260F0C5D1E56CD8A00B02D4C /* PTApp */,
				260F0C5C1E56CD8A00B02D4C /* Products */,
			);
			sourceTree = "<group>";
		};
		260F0C5C1E56CD8A00B02D4C /* Products */ = {
			isa = PBXGroup;
			children = (
				260F0C5B1E56CD8A00B02D4C /* PTApp.app */,
			);
			name = Products;
			sourceTree = "<group>";
		};
		260F0C5D1E56CD8A00B02D4C /* PTApp */ = {
			isa = PBXGroup;
			children = (
				260F0C5E1E56CD8A00B02D4C /* AppDelegate.swift */,
				260F0C601E56CD8A00B02D4C /* ViewController.swift */,
				260F0C621E56CD8A00B02D4C /* Main.storyboard */,
				260F0C651E56CD8A00B02D4C /* Assets.xcassets */,
				260F0C671E56CD8A00B02D4C /* LaunchScreen.storyboard */,
				260F0C6A1E56CD8A00B02D4C /* Info.plist */,
			);
			path = PTApp;
			sourceTree = "<group>";
		};
/* End PBXGroup section */

/* Begin PBXNativeTarget section */
		260F0C5A1E56CD8A00B02D4C /* PTApp */ = {
			isa = PBXNativeTarget;
			buildConfigurationList = 260F0C6D1E56CD8A00B02D4C /* Build configuration list for PBXNativeTarget "PTApp" */;
			buildPhases = (
				260F0C571E56CD8A00B02D4C /* Sources */,
				260F0C581E56CD8A00B02D4C /* Frameworks */,
				260F0C591E56CD8A00B02D4C /* Resources */,
			);
			buildRules = (
			);
			dependencies = (
			);
			name = PTApp;
			productName = PTApp;
			productReference = 260F0C5B1E56CD8A00B02D4C /* PTApp.app */;
			productType = "com.apple.product-type.application";
		};
/* End PBXNativeTarget section */

/* Begin PBXProject section */
		260F0C531E56CD8A00B02D4C /* Project object */ = {
			isa = PBXProject;
			attributes = {
				LastSwiftUpdateCheck = 0820;
				LastUpgradeCheck = 0820;
				ORGANIZATIONNAME = "GDGKC-FirebasedHackathon";
				TargetAttributes = {
					260F0C5A1E56CD8A00B02D4C = {
						CreatedOnToolsVersion = 8.2.1;
						DevelopmentTeam = N3NXYKN7VM;
						ProvisioningStyle = Automatic;
					};
				};
			};
			buildConfigurationList = 260F0C561E56CD8A00B02D4C /* Build configuration list for PBXProject "PTApp" */;
			compatibilityVersion = "Xcode 3.2";
			developmentRegion = English;
			hasScannedForEncodings = 0;
			knownRegions = (
				en,
				Base,
			);
			mainGroup = 260F0C521E56CD8A00B02D4C;
			productRefGroup = 260F0C5C1E56CD8A00B02D4C /* Products */;
			projectDirPath = "";
			projectRoot = "";
			targets = (
				260F0C5A1E56CD8A00B02D4C /* PTApp */,
			);
		};
/* End PBXProject section */

/* Begin PBXResourcesBuildPhase section */
		260F0C591E56CD8A00B02D4C /* Resources */ = {
			isa = PBXResourcesBuildPhase;
			buildActionMask = 2147483647;
			files = (
				260F0C691E56CD8A00B02D4C /* LaunchScreen.storyboard in Resources */,
				260F0C661E56CD8A00B02D4C /* Assets.xcassets in Resources */,
				260F0C641E56CD8A00B02D4C /* Main.storyboard in Resources */,
			);
			runOnlyForDeploymentPostprocessing = 0;
		};
/* End PBXResourcesBuildPhase section */

/* Begin PBXSourcesBuildPhase section */
		260F0C571E56CD8A00B02D4C /* Sources */ = {
			isa = PBXSourcesBuildPhase;
			buildActionMask = 2147483647;
			files = (
				260F0C611E56CD8A00B02D4C /* ViewController.swift in Sources */,
				260F0C5F1E56CD8A00B02D4C /* AppDelegate.swift in Sources */,
			);
			runOnlyForDeploymentPostprocessing = 0;
		};
/* End PBXSourcesBuildPhase section */

/* Begin PBXVariantGroup section */
		260F0C621E56CD8A00B02D4C /* Main.storyboard */ = {
			isa = PBXVariantGroup;
			children = (
				260F0C631E56CD8A00B02D4C /* Base */,
			);
			name = Main.storyboard;
			sourceTree = "<group>";
		};
		260F0C671E56CD8A00B02D4C /* LaunchScreen.storyboard */ = {
			isa = PBXVariantGroup;
			children = (
				260F0C681E56CD8A00B02D4C /* Base */,
			);
			name = LaunchScreen.storyboard;
			sourceTree = "<group>";
		};
/* End PBXVariantGroup section */

/* Begin XCBuildConfiguration section */
		260F0C6B1E56CD8A00B02D4C /* Debug */ = {
			isa = XCBuildConfiguration;
			buildSettings = {
				ALWAYS_SEARCH_USER_PATHS = NO;
				CLANG_ANALYZER_NONNULL = YES;
				CLANG_CXX_LANGUAGE_STANDARD = "gnu++0x";
				CLANG_CXX_LIBRARY = "libc++";
				CLANG_ENABLE_MODULES = YES;
				CLANG_ENABLE_OBJC_ARC = YES;
				CLANG_WARN_BOOL_CONVERSION = YES;
				CLANG_WARN_CONSTANT_CONVERSION = YES;
				CLANG_WARN_DIRECT_OBJC_ISA_USAGE = YES_ERROR;
				CLANG_WARN_DOCUMENTATION_COMMENTS = YES;
				CLANG_WARN_EMPTY_BODY = YES;
				CLANG_WARN_ENUM_CONVERSION = YES;
				CLANG_WARN_INFINITE_RECURSION = YES;
				CLANG_WARN_INT_CONVERSION = YES;
				CLANG_WARN_OBJC_ROOT_CLASS = YES_ERROR;
				CLANG_WARN_SUSPICIOUS_MOVE = YES;
				CLANG_WARN_UNREACHABLE_CODE = YES;
				CLANG_WARN__DUPLICATE_METHOD_MATCH = YES;
				"CODE_SIGN_IDENTITY[sdk=iphoneos*]" = "iPhone Developer";
				COPY_PHASE_STRIP = NO;
				DEBUG_INFORMATION_FORMAT = dwarf;
				ENABLE_STRICT_OBJC_MSGSEND = YES;
				ENABLE_TESTABILITY = YES;
				GCC_C_LANGUAGE_STANDARD = gnu99;
				GCC_DYNAMIC_NO_PIC = NO;
				GCC_NO_COMMON_BLOCKS = YES;
				GCC_OPTIMIZATION_LEVEL = 0;
				GCC_PREPROCESSOR_DEFINITIONS = (
					"DEBUG=1",
					"$(inherited)",
				);
				GCC_WARN_64_TO_32_BIT_CONVERSION = YES;
				GCC_WARN_ABOUT_RETURN_TYPE = YES_ERROR;
				GCC_WARN_UNDECLARED_SELECTOR = YES;
				GCC_WARN_UNINITIALIZED_AUTOS = YES_AGGRESSIVE;
				GCC_WARN_UNUSED_FUNCTION = YES;
				GCC_WARN_UNUSED_VARIABLE = YES;
				IPHONEOS_DEPLOYMENT_TARGET = 10.2;
				MTL_ENABLE_DEBUG_INFO = YES;
				ONLY_ACTIVE_ARCH = YES;
				SDKROOT = iphoneos;
				SWIFT_ACTIVE_COMPILATION_CONDITIONS = DEBUG;
				SWIFT_OPTIMIZATION_LEVEL = "-Onone";
			};
			name = Debug;
		};
		260F0C6C1E56CD8A00B02D4C /* Release */ = {
			isa = XCBuildConfiguration;
			buildSettings = {
				ALWAYS_SEARCH_USER_PATHS = NO;
				CLANG_ANALYZER_NONNULL = YES;
				CLANG_CXX_LANGUAGE_STANDARD = "gnu++0x";
				CLANG_CXX_LIBRARY = "libc++";
				CLANG_ENABLE_MODULES = YES;
				CLANG_ENABLE_OBJC_ARC = YES;
				CLANG_WARN_BOOL_CONVERSION = YES;
				CLANG_WARN_CONSTANT_CONVERSION = YES;
				CLANG_WARN_DIRECT_OBJC_ISA_USAGE = YES_ERROR;
				CLANG_WARN_DOCUMENTATION_COMMENTS = YES;
				CLANG_WARN_EMPTY_BODY = YES;
				CLANG_WARN_ENUM_CONVERSION = YES;
				CLANG_WARN_INFINITE_RECURSION = YES;
				CLANG_WARN_INT_CONVERSION = YES;
				CLANG_WARN_OBJC_ROOT_CLASS = YES_ERROR;
				CLANG_WARN_SUSPICIOUS_MOVE = YES;
				CLANG_WARN_UNREACHABLE_CODE = YES;
				CLANG_WARN__DUPLICATE_METHOD_MATCH = YES;
				"CODE_SIGN_IDENTITY[sdk=iphoneos*]" = "iPhone Developer";
				COPY_PHASE_STRIP = NO;
				DEBUG_INFORMATION_FORMAT = "dwarf-with-dsym";
				ENABLE_NS_ASSERTIONS = NO;
				ENABLE_STRICT_OBJC_MSGSEND = YES;
				GCC_C_LANGUAGE_STANDARD = gnu99;
				GCC_NO_COMMON_BLOCKS = YES;
				GCC_WARN_64_TO_32_BIT_CONVERSION = YES;
				GCC_WARN_ABOUT_RETURN_TYPE = YES_ERROR;
				GCC_WARN_UNDECLARED_SELECTOR = YES;
				GCC_WARN_UNINITIALIZED_AUTOS = YES_AGGRESSIVE;
				GCC_WARN_UNUSED_FUNCTION = YES;
				GCC_WARN_UNUSED_VARIABLE = YES;
				IPHONEOS_DEPLOYMENT_TARGET = 10.2;
				MTL_ENABLE_DEBUG_INFO = NO;
				SDKROOT = iphoneos;
				SWIFT_OPTIMIZATION_LEVEL = "-Owholemodule";
				VALIDATE_PRODUCT = YES;
			};
			name = Release;
		};
		260F0C6E1E56CD8A00B02D4C /* Debug */ = {
			isa = XCBuildConfiguration;
			buildSettings = {
				ASSETCATALOG_COMPILER_APPICON_NAME = AppIcon;
				DEVELOPMENT_TEAM = N3NXYKN7VM;
				INFOPLIST_FILE = PTApp/Info.plist;
				IPHONEOS_DEPLOYMENT_TARGET = 9.0;
				LD_RUNPATH_SEARCH_PATHS = "$(inherited) @executable_path/Frameworks";
				PRODUCT_BUNDLE_IDENTIFIER = "com.GDGKC-FirebasedHackathon.PTApp";
				PRODUCT_NAME = "$(TARGET_NAME)";
				SWIFT_VERSION = 3.0;
			};
			name = Debug;
		};
		260F0C6F1E56CD8A00B02D4C /* Release */ = {
			isa = XCBuildConfiguration;
			buildSettings = {
				ASSETCATALOG_COMPILER_APPICON_NAME = AppIcon;
				DEVELOPMENT_TEAM = N3NXYKN7VM;
				INFOPLIST_FILE = PTApp/Info.plist;
				IPHONEOS_DEPLOYMENT_TARGET = 9.0;
				LD_RUNPATH_SEARCH_PATHS = "$(inherited) @executable_path/Frameworks";
				PRODUCT_BUNDLE_IDENTIFIER = "com.GDGKC-FirebasedHackathon.PTApp";
				PRODUCT_NAME = "$(TARGET_NAME)";
				SWIFT_VERSION = 3.0;
			};
			name = Release;
		};
/* End XCBuildConfiguration section */

/* Begin XCConfigurationList section */
		260F0C561E56CD8A00B02D4C /* Build configuration list for PBXProject "PTApp" */ = {
			isa = XCConfigurationList;
			buildConfigurations = (
				260F0C6B1E56CD8A00B02D4C /* Debug */,
				260F0C6C1E56CD8A00B02D4C /* Release */,
			);
			defaultConfigurationIsVisible = 0;
			defaultConfigurationName = Release;
		};
		260F0C6D1E56CD8A00B02D4C /* Build configuration list for PBXNativeTarget "PTApp" */ = {
			isa = XCConfigurationList;
			buildConfigurations = (
				260F0C6E1E56CD8A00B02D4C /* Debug */,
				260F0C6F1E56CD8A00B02D4C /* Release */,
			);
			defaultConfigurationIsVisible = 0;
		};
/* End XCConfigurationList section */
	};
	rootObject = 260F0C531E56CD8A00B02D4C /* Project object */;
}
